
Microsoft Visual Studio Solution File, Format Version 12.00
# Visual Studio Version 16
VisualStudioVersion = 16.0.31313.79
MinimumVisualStudioVersion = 10.0.40219.1
Project("{8BC9CEB8-8B4A-11D0-8D11-00A0C91BC942}") = "hv", "hv\hv.vcxproj", "{0EB94EF0-9C73-4C5A-8CFE-4CDD765A6387}"
EndProject
Project("{8BC9CEB8-8B4A-11D0-8D11-00A0C91BC942}") = "um", "um\um.vcxproj", "{1E10C45C-AD43-494A-B6E9-1AD706D6DB3E}"
EndProject
Global
	GlobalSection(SolutionConfigurationPlatforms) = preSolution
		Debug|x64 = Debug|x64
		Debug|x86 = Debug|x86
		Release|x64 = Release|x64
		Release|x86 = Release|x86
	EndGlobalSection
	GlobalSection(ProjectConfigurationPlatforms) = postSolution
		{0EB94EF0-9C73-4C5A-8CFE-4CDD765A6387}.Debug|x64.ActiveCfg = Debug|x64
		{0EB94EF0-9C73-4C5A-8CFE-4CDD765A6387}.Debug|x64.Build.0 = Debug|x64
		{0EB94EF0-9C73-4C5A-8CFE-4CDD765A6387}.Debug|x64.Deploy.0 = Debug|x64
		{0EB94EF0-9C73-4C5A-8CFE-4CDD765A6387}.Debug|x86.ActiveCfg = Debug|x64
		{0EB94EF0-9C73-4C5A-8CFE-4CDD765A6387}.Release|x64.ActiveCfg = Release|x64
		{0EB94EF0-9C73-4C5A-8CFE-4CDD765A6387}.Release|x64.Build.0 = Release|x64
		{0EB94EF0-9C73-4C5A-8CFE-4CDD765A6387}.Release|x64.Deploy.0 = Release|x64
		{0EB94EF0-9C73-4C5A-8CFE-4CDD765A6387}.Release|x86.ActiveCfg = Release|x64
		{1E10C45C-AD43-494A-B6E9-1AD706D6DB3E}.Debug|x64.ActiveCfg = Debug|x64
		{1E10C45C-AD43-494A-B6E9-1AD706D6DB3E}.Debug|x64.Build.0 = Debug|x64
		{1E10C45C-AD43-494A-B6E9-1AD706D6DB3E}.Debug|x86.ActiveCfg = Debug|Win32
		{1E10C45C-AD43-494A-B6E9-1AD706D6DB3E}.Debug|x86.Build.0 = Debug|Win32
		{1E10C45C-AD43-494A-B6E9-1AD706D6DB3E}.Release|x64.ActiveCfg = Release|x64
		{1E10C45C-AD43-494A-B6E9-1AD706D6DB3E}.Release|x64.Build.0 = Release|x64
		{1E10C45C-AD43-494A-B6E9-1AD706D6DB3E}.Release|x86.ActiveCfg = Release|Win32
		{1E10C45C-AD43-494A-B6E9-1AD706D6DB3E}.Release|x86.Build.0 = Release|Win32
	EndGlobalSection
	GlobalSection(SolutionProperties) = preSolution
		HideSolutionNode = FALSE
	EndGlobalSection
	GlobalSection(ExtensibilityGlobals) = postSolution
		SolutionGuid = {6709F63D-50E2-4BEB-AC6B-D94F442666E6}
	EndGlobalSection
EndGlobal
